
Microsoft Visual Studio Solution File, Format Version 12.00
# Visual Studio 14
VisualStudioVersion = 14.0.25420.1
MinimumVisualStudioVersion = 10.0.40219.1
Project("{2150E333-8FDC-42A3-9474-1A3956D46DE8}") = "Solution Items", "Solution Items", "{0655CF3B-F7DB-49F4-A90D-38AD9FBD7937}"
	ProjectSection(SolutionItems) = preProject
		LibraryGraph.dgml = LibraryGraph.dgml
		Readme.txt = Readme.txt
		SmallTodo.txt = SmallTodo.txt
	EndProjectSection
EndProject
Project("{2150E333-8FDC-42A3-9474-1A3956D46DE8}") = "VyrSystems.Windows", "VyrSystems.Windows", "{4700EABC-A1EA-43D3-AE88-7028D565570A}"
EndProject
Project("{2150E333-8FDC-42A3-9474-1A3956D46DE8}") = "VyrEditors", "VyrEditors", "{906E0B91-BABF-44DA-98D0-C04DA1706A4E}"
EndProject
Project("{F2A71F9B-5D33-465A-A702-920D77279786}") = "VyrRenderer.Windows", "VyrRenderer\VyrRenderer.Windows.fsproj", "{4D53FC43-B468-4757-B80C-5299CB4E2DD2}"
EndProject
Project("{F2A71F9B-5D33-465A-A702-920D77279786}") = "VyrEngine.Windows", "VyrEngine\VyrEngine.Windows.fsproj", "{EF1ED472-E1BB-4ABC-9274-7DC43008DF58}"
EndProject
Project("{F184B08F-C81C-45F6-A57F-5ABD9991F28F}") = "VyrEditor.Windows", "VyrEditor.Windows\VyrEditor.Windows.vbproj", "{0672A0FF-B428-4C22-8CA2-C815CA431E3F}"
EndProject
Project("{FAE04EC0-301F-11D3-BF4B-00C04F79EFBC}") = "VyrVM", "VyrVM\VyrVM.csproj", "{B909B00C-E5E2-4AC1-9214-29E10D0913C1}"
EndProject
Project("{2150E333-8FDC-42A3-9474-1A3956D46DE8}") = "Platform Independent", "Platform Independent", "{5AFA8467-86B2-4F5B-A395-5F60031015F6}"
EndProject
Project("{2150E333-8FDC-42A3-9474-1A3956D46DE8}") = "VyrRuntime", "VyrRuntime", "{403396CF-9C21-4967-A297-4215099EEAD0}"
EndProject
Project("{F2A71F9B-5D33-465A-A702-920D77279786}") = "VyrCore", "VyrCore\VyrCore.fsproj", "{48F231B3-5A78-4D73-A614-94F539EBFBE7}"
EndProject
Global
	GlobalSection(SolutionConfigurationPlatforms) = preSolution
		Debug|Any CPU = Debug|Any CPU
		Debug|ARM = Debug|ARM
		Debug|iPhone = Debug|iPhone
		Debug|iPhoneSimulator = Debug|iPhoneSimulator
		Debug|x86 = Debug|x86
		Release|Any CPU = Release|Any CPU
		Release|ARM = Release|ARM
		Release|iPhone = Release|iPhone
		Release|iPhoneSimulator = Release|iPhoneSimulator
		Release|x86 = Release|x86
	EndGlobalSection
	GlobalSection(ProjectConfigurationPlatforms) = postSolution
		{4D53FC43-B468-4757-B80C-5299CB4E2DD2}.Debug|Any CPU.ActiveCfg = Debug|Any CPU
		{4D53FC43-B468-4757-B80C-5299CB4E2DD2}.Debug|Any CPU.Build.0 = Debug|Any CPU
		{4D53FC43-B468-4757-B80C-5299CB4E2DD2}.Debug|ARM.ActiveCfg = Debug|Any CPU
		{4D53FC43-B468-4757-B80C-5299CB4E2DD2}.Debug|ARM.Build.0 = Debug|Any CPU
		{4D53FC43-B468-4757-B80C-5299CB4E2DD2}.Debug|iPhone.ActiveCfg = Debug|Any CPU
		{4D53FC43-B468-4757-B80C-5299CB4E2DD2}.Debug|iPhone.Build.0 = Debug|Any CPU
		{4D53FC43-B468-4757-B80C-5299CB4E2DD2}.Debug|iPhoneSimulator.ActiveCfg = Debug|Any CPU
		{4D53FC43-B468-4757-B80C-5299CB4E2DD2}.Debug|iPhoneSimulator.Build.0 = Debug|Any CPU
		{4D53FC43-B468-4757-B80C-5299CB4E2DD2}.Debug|x86.ActiveCfg = Debug|Any CPU
		{4D53FC43-B468-4757-B80C-5299CB4E2DD2}.Debug|x86.Build.0 = Debug|Any CPU
		{4D53FC43-B468-4757-B80C-5299CB4E2DD2}.Release|Any CPU.ActiveCfg = Release|Any CPU
		{4D53FC43-B468-4757-B80C-5299CB4E2DD2}.Release|Any CPU.Build.0 = Release|Any CPU
		{4D53FC43-B468-4757-B80C-5299CB4E2DD2}.Release|ARM.ActiveCfg = Release|Any CPU
		{4D53FC43-B468-4757-B80C-5299CB4E2DD2}.Release|ARM.Build.0 = Release|Any CPU
		{4D53FC43-B468-4757-B80C-5299CB4E2DD2}.Release|iPhone.ActiveCfg = Release|Any CPU
		{4D53FC43-B468-4757-B80C-5299CB4E2DD2}.Release|iPhone.Build.0 = Release|Any CPU
		{4D53FC43-B468-4757-B80C-5299CB4E2DD2}.Release|iPhoneSimulator.ActiveCfg = Release|Any CPU
		{4D53FC43-B468-4757-B80C-5299CB4E2DD2}.Release|iPhoneSimulator.Build.0 = Release|Any CPU
		{4D53FC43-B468-4757-B80C-5299CB4E2DD2}.Release|x86.ActiveCfg = Release|Any CPU
		{4D53FC43-B468-4757-B80C-5299CB4E2DD2}.Release|x86.Build.0 = Release|Any CPU
		{EF1ED472-E1BB-4ABC-9274-7DC43008DF58}.Debug|Any CPU.ActiveCfg = Debug|Any CPU
		{EF1ED472-E1BB-4ABC-9274-7DC43008DF58}.Debug|Any CPU.Build.0 = Debug|Any CPU
		{EF1ED472-E1BB-4ABC-9274-7DC43008DF58}.Debug|ARM.ActiveCfg = Debug|Any CPU
		{EF1ED472-E1BB-4ABC-9274-7DC43008DF58}.Debug|ARM.Build.0 = Debug|Any CPU
		{EF1ED472-E1BB-4ABC-9274-7DC43008DF58}.Debug|iPhone.ActiveCfg = Debug|Any CPU
		{EF1ED472-E1BB-4ABC-9274-7DC43008DF58}.Debug|iPhone.Build.0 = Debug|Any CPU
		{EF1ED472-E1BB-4ABC-9274-7DC43008DF58}.Debug|iPhoneSimulator.ActiveCfg = Debug|Any CPU
		{EF1ED472-E1BB-4ABC-9274-7DC43008DF58}.Debug|iPhoneSimulator.Build.0 = Debug|Any CPU
		{EF1ED472-E1BB-4ABC-9274-7DC43008DF58}.Debug|x86.ActiveCfg = Debug|Any CPU
		{EF1ED472-E1BB-4ABC-9274-7DC43008DF58}.Debug|x86.Build.0 = Debug|Any CPU
		{EF1ED472-E1BB-4ABC-9274-7DC43008DF58}.Release|Any CPU.ActiveCfg = Release|Any CPU
		{EF1ED472-E1BB-4ABC-9274-7DC43008DF58}.Release|Any CPU.Build.0 = Release|Any CPU
		{EF1ED472-E1BB-4ABC-9274-7DC43008DF58}.Release|ARM.ActiveCfg = Release|Any CPU
		{EF1ED472-E1BB-4ABC-9274-7DC43008DF58}.Release|ARM.Build.0 = Release|Any CPU
		{EF1ED472-E1BB-4ABC-9274-7DC43008DF58}.Release|iPhone.ActiveCfg = Release|Any CPU
		{EF1ED472-E1BB-4ABC-9274-7DC43008DF58}.Release|iPhone.Build.0 = Release|Any CPU
		{EF1ED472-E1BB-4ABC-9274-7DC43008DF58}.Release|iPhoneSimulator.ActiveCfg = Release|Any CPU
		{EF1ED472-E1BB-4ABC-9274-7DC43008DF58}.Release|iPhoneSimulator.Build.0 = Release|Any CPU
		{EF1ED472-E1BB-4ABC-9274-7DC43008DF58}.Release|x86.ActiveCfg = Release|Any CPU
		{EF1ED472-E1BB-4ABC-9274-7DC43008DF58}.Release|x86.Build.0 = Release|Any CPU
		{0672A0FF-B428-4C22-8CA2-C815CA431E3F}.Debug|Any CPU.ActiveCfg = Debug|Any CPU
		{0672A0FF-B428-4C22-8CA2-C815CA431E3F}.Debug|Any CPU.Build.0 = Debug|Any CPU
		{0672A0FF-B428-4C22-8CA2-C815CA431E3F}.Debug|ARM.ActiveCfg = Debug|Any CPU
		{0672A0FF-B428-4C22-8CA2-C815CA431E3F}.Debug|ARM.Build.0 = Debug|Any CPU
		{0672A0FF-B428-4C22-8CA2-C815CA431E3F}.Debug|iPhone.ActiveCfg = Debug|Any CPU
		{0672A0FF-B428-4C22-8CA2-C815CA431E3F}.Debug|iPhone.Build.0 = Debug|Any CPU
		{0672A0FF-B428-4C22-8CA2-C815CA431E3F}.Debug|iPhoneSimulator.ActiveCfg = Debug|Any CPU
		{0672A0FF-B428-4C22-8CA2-C815CA431E3F}.Debug|iPhoneSimulator.Build.0 = Debug|Any CPU
		{0672A0FF-B428-4C22-8CA2-C815CA431E3F}.Debug|x86.ActiveCfg = Debug|Any CPU
		{0672A0FF-B428-4C22-8CA2-C815CA431E3F}.Debug|x86.Build.0 = Debug|Any CPU
		{0672A0FF-B428-4C22-8CA2-C815CA431E3F}.Release|Any CPU.ActiveCfg = Release|Any CPU
		{0672A0FF-B428-4C22-8CA2-C815CA431E3F}.Release|Any CPU.Build.0 = Release|Any CPU
		{0672A0FF-B428-4C22-8CA2-C815CA431E3F}.Release|ARM.ActiveCfg = Release|Any CPU
		{0672A0FF-B428-4C22-8CA2-C815CA431E3F}.Release|ARM.Build.0 = Release|Any CPU
		{0672A0FF-B428-4C22-8CA2-C815CA431E3F}.Release|iPhone.ActiveCfg = Release|Any CPU
		{0672A0FF-B428-4C22-8CA2-C815CA431E3F}.Release|iPhone.Build.0 = Release|Any CPU
		{0672A0FF-B428-4C22-8CA2-C815CA431E3F}.Release|iPhoneSimulator.ActiveCfg = Release|Any CPU
		{0672A0FF-B428-4C22-8CA2-C815CA431E3F}.Release|iPhoneSimulator.Build.0 = Release|Any CPU
		{0672A0FF-B428-4C22-8CA2-C815CA431E3F}.Release|x86.ActiveCfg = Release|Any CPU
		{0672A0FF-B428-4C22-8CA2-C815CA431E3F}.Release|x86.Build.0 = Release|Any CPU
		{B909B00C-E5E2-4AC1-9214-29E10D0913C1}.Debug|Any CPU.ActiveCfg = Debug|Any CPU
		{B909B00C-E5E2-4AC1-9214-29E10D0913C1}.Debug|Any CPU.Build.0 = Debug|Any CPU
		{B909B00C-E5E2-4AC1-9214-29E10D0913C1}.Debug|ARM.ActiveCfg = Debug|Any CPU
		{B909B00C-E5E2-4AC1-9214-29E10D0913C1}.Debug|ARM.Build.0 = Debug|Any CPU
		{B909B00C-E5E2-4AC1-9214-29E10D0913C1}.Debug|iPhone.ActiveCfg = Debug|Any CPU
		{B909B00C-E5E2-4AC1-9214-29E10D0913C1}.Debug|iPhone.Build.0 = Debug|Any CPU
		{B909B00C-E5E2-4AC1-9214-29E10D0913C1}.Debug|iPhoneSimulator.ActiveCfg = Debug|Any CPU
		{B909B00C-E5E2-4AC1-9214-29E10D0913C1}.Debug|iPhoneSimulator.Build.0 = Debug|Any CPU
		{B909B00C-E5E2-4AC1-9214-29E10D0913C1}.Debug|x86.ActiveCfg = Debug|Any CPU
		{B909B00C-E5E2-4AC1-9214-29E10D0913C1}.Debug|x86.Build.0 = Debug|Any CPU
		{B909B00C-E5E2-4AC1-9214-29E10D0913C1}.Release|Any CPU.ActiveCfg = Release|Any CPU
		{B909B00C-E5E2-4AC1-9214-29E10D0913C1}.Release|Any CPU.Build.0 = Release|Any CPU
		{B909B00C-E5E2-4AC1-9214-29E10D0913C1}.Release|ARM.ActiveCfg = Release|Any CPU
		{B909B00C-E5E2-4AC1-9214-29E10D0913C1}.Release|ARM.Build.0 = Release|Any CPU
		{B909B00C-E5E2-4AC1-9214-29E10D0913C1}.Release|iPhone.ActiveCfg = Release|Any CPU
		{B909B00C-E5E2-4AC1-9214-29E10D0913C1}.Release|iPhone.Build.0 = Release|Any CPU
		{B909B00C-E5E2-4AC1-9214-29E10D0913C1}.Release|iPhoneSimulator.ActiveCfg = Release|Any CPU
		{B909B00C-E5E2-4AC1-9214-29E10D0913C1}.Release|iPhoneSimulator.Build.0 = Release|Any CPU
		{B909B00C-E5E2-4AC1-9214-29E10D0913C1}.Release|x86.ActiveCfg = Release|Any CPU
		{B909B00C-E5E2-4AC1-9214-29E10D0913C1}.Release|x86.Build.0 = Release|Any CPU
		{48F231B3-5A78-4D73-A614-94F539EBFBE7}.Debug|Any CPU.ActiveCfg = Debug|Any CPU
		{48F231B3-5A78-4D73-A614-94F539EBFBE7}.Debug|Any CPU.Build.0 = Debug|Any CPU
		{48F231B3-5A78-4D73-A614-94F539EBFBE7}.Debug|ARM.ActiveCfg = Debug|Any CPU
		{48F231B3-5A78-4D73-A614-94F539EBFBE7}.Debug|ARM.Build.0 = Debug|Any CPU
		{48F231B3-5A78-4D73-A614-94F539EBFBE7}.Debug|iPhone.ActiveCfg = Debug|Any CPU
		{48F231B3-5A78-4D73-A614-94F539EBFBE7}.Debug|iPhone.Build.0 = Debug|Any CPU
		{48F231B3-5A78-4D73-A614-94F539EBFBE7}.Debug|iPhoneSimulator.ActiveCfg = Debug|Any CPU
		{48F231B3-5A78-4D73-A614-94F539EBFBE7}.Debug|iPhoneSimulator.Build.0 = Debug|Any CPU
		{48F231B3-5A78-4D73-A614-94F539EBFBE7}.Debug|x86.ActiveCfg = Debug|Any CPU
		{48F231B3-5A78-4D73-A614-94F539EBFBE7}.Debug|x86.Build.0 = Debug|Any CPU
		{48F231B3-5A78-4D73-A614-94F539EBFBE7}.Release|Any CPU.ActiveCfg = Release|Any CPU
		{48F231B3-5A78-4D73-A614-94F539EBFBE7}.Release|Any CPU.Build.0 = Release|Any CPU
		{48F231B3-5A78-4D73-A614-94F539EBFBE7}.Release|ARM.ActiveCfg = Release|Any CPU
		{48F231B3-5A78-4D73-A614-94F539EBFBE7}.Release|ARM.Build.0 = Release|Any CPU
		{48F231B3-5A78-4D73-A614-94F539EBFBE7}.Release|iPhone.ActiveCfg = Release|Any CPU
		{48F231B3-5A78-4D73-A614-94F539EBFBE7}.Release|iPhone.Build.0 = Release|Any CPU
		{48F231B3-5A78-4D73-A614-94F539EBFBE7}.Release|iPhoneSimulator.ActiveCfg = Release|Any CPU
		{48F231B3-5A78-4D73-A614-94F539EBFBE7}.Release|iPhoneSimulator.Build.0 = Release|Any CPU
		{48F231B3-5A78-4D73-A614-94F539EBFBE7}.Release|x86.ActiveCfg = Release|Any CPU
		{48F231B3-5A78-4D73-A614-94F539EBFBE7}.Release|x86.Build.0 = Release|Any CPU
	EndGlobalSection
	GlobalSection(SolutionProperties) = preSolution
		HideSolutionNode = FALSE
	EndGlobalSection
	GlobalSection(NestedProjects) = preSolution
		{4D53FC43-B468-4757-B80C-5299CB4E2DD2} = {4700EABC-A1EA-43D3-AE88-7028D565570A}
		{EF1ED472-E1BB-4ABC-9274-7DC43008DF58} = {4700EABC-A1EA-43D3-AE88-7028D565570A}
		{0672A0FF-B428-4C22-8CA2-C815CA431E3F} = {906E0B91-BABF-44DA-98D0-C04DA1706A4E}
		{B909B00C-E5E2-4AC1-9214-29E10D0913C1} = {906E0B91-BABF-44DA-98D0-C04DA1706A4E}
		{48F231B3-5A78-4D73-A614-94F539EBFBE7} = {5AFA8467-86B2-4F5B-A395-5F60031015F6}
	EndGlobalSection
EndGlobal
